// !$*UTF8*$!
{
	archiveVersion = 1;
	classes = {
	};
	objectVersion = 46;
	objects = {

/* Begin PBXBuildFile section */
		5F5373EB16E4EE6F00DA9421 /* UIKit.framework in Frameworks */ = {isa = PBXBuildFile; fileRef = 5F5373EA16E4EE6F00DA9421 /* UIKit.framework */; };
		5F5373ED16E4EE6F00DA9421 /* Foundation.framework in Frameworks */ = {isa = PBXBuildFile; fileRef = 5F5373EC16E4EE6F00DA9421 /* Foundation.framework */; };
		5F5373EF16E4EE6F00DA9421 /* CoreGraphics.framework in Frameworks */ = {isa = PBXBuildFile; fileRef = 5F5373EE16E4EE6F00DA9421 /* CoreGraphics.framework */; };
		5F5373F516E4EE6F00DA9421 /* InfoPlist.strings in Resources */ = {isa = PBXBuildFile; fileRef = 5F5373F316E4EE6F00DA9421 /* InfoPlist.strings */; };
		5F5373F716E4EE6F00DA9421 /* main.m in Sources */ = {isa = PBXBuildFile; fileRef = 5F5373F616E4EE6F00DA9421 /* main.m */; };
		5F5373FB16E4EE6F00DA9421 /* AppDelegate.m in Sources */ = {isa = PBXBuildFile; fileRef = 5F5373FA16E4EE6F00DA9421 /* AppDelegate.m */; };
		5F5373FD16E4EE6F00DA9421 /* Default.png in Resources */ = {isa = PBXBuildFile; fileRef = 5F5373FC16E4EE6F00DA9421 /* Default.png */; };
		5F5373FF16E4EE6F00DA9421 /* Default@2x.png in Resources */ = {isa = PBXBuildFile; fileRef = 5F5373FE16E4EE6F00DA9421 /* Default@2x.png */; };
		5F53740116E4EE6F00DA9421 /* Default-568h@2x.png in Resources */ = {isa = PBXBuildFile; fileRef = 5F53740016E4EE6F00DA9421 /* Default-568h@2x.png */; };
		5F53740416E4EE6F00DA9421 /* MainStoryboard.storyboard in Resources */ = {isa = PBXBuildFile; fileRef = 5F53740216E4EE6F00DA9421 /* MainStoryboard.storyboard */; };
		5F53740716E4EE6F00DA9421 /* ViewController.m in Sources */ = {isa = PBXBuildFile; fileRef = 5F53740616E4EE6F00DA9421 /* ViewController.m */; };
/* End PBXBuildFile section */

/* Begin PBXFileReference section */
		5F5373E716E4EE6F00DA9421 /* DeviceInfoSample.app */ = {isa = PBXFileReference; explicitFileType = wrapper.application; includeInIndex = 0; path = DeviceInfoSample.app; sourceTree = BUILT_PRODUCTS_DIR; };
		5F5373EA16E4EE6F00DA9421 /* UIKit.framework */ = {isa = PBXFileReference; lastKnownFileType = wrapper.framework; name = UIKit.framework; path = System/Library/Frameworks/UIKit.framework; sourceTree = SDKROOT; };
		5F5373EC16E4EE6F00DA9421 /* Foundation.framework */ = {isa = PBXFileReference; lastKnownFileType = wrapper.framework; name = Foundation.framework; path = System/Library/Frameworks/Foundation.framework; sourceTree = SDKROOT; };
		5F5373EE16E4EE6F00DA9421 /* CoreGraphics.framework */ = {isa = PBXFileReference; lastKnownFileType = wrapper.framework; name = CoreGraphics.framework; path = System/Library/Frameworks/CoreGraphics.framework; sourceTree = SDKROOT; };
		5F5373F216E4EE6F00DA9421 /* DeviceInfoSample-Info.plist */ = {isa = PBXFileReference; lastKnownFileType = text.plist.xml; path = "DeviceInfoSample-Info.plist"; sourceTree = "<group>"; };
		5F5373F416E4EE6F00DA9421 /* en */ = {isa = PBXFileReference; lastKnownFileType = text.plist.strings; name = en; path = en.lproj/InfoPlist.strings; sourceTree = "<group>"; };
		5F5373F616E4EE6F00DA9421 /* main.m */ = {isa = PBXFileReference; lastKnownFileType = sourcecode.c.objc; path = main.m; sourceTree = "<group>"; };
		5F5373F816E4EE6F00DA9421 /* DeviceInfoSample-Prefix.pch */ = {isa = PBXFileReference; lastKnownFileType = sourcecode.c.h; path = "DeviceInfoSample-Prefix.pch"; sourceTree = "<group>"; };
		5F5373F916E4EE6F00DA9421 /* AppDelegate.h */ = {isa = PBXFileReference; lastKnownFileType = sourcecode.c.h; path = AppDelegate.h; sourceTree = "<group>"; };
		5F5373FA16E4EE6F00DA9421 /* AppDelegate.m */ = {isa = PBXFileReference; lastKnownFileType = sourcecode.c.objc; path = AppDelegate.m; sourceTree = "<group>"; };
		5F5373FC16E4EE6F00DA9421 /* Default.png */ = {isa = PBXFileReference; lastKnownFileType = image.png; path = Default.png; sourceTree = "<group>"; };
		5F5373FE16E4EE6F00DA9421 /* Default@2x.png */ = {isa = PBXFileReference; lastKnownFileType = image.png; path = "Default@2x.png"; sourceTree = "<group>"; };
		5F53740016E4EE6F00DA9421 /* Default-568h@2x.png */ = {isa = PBXFileReference; lastKnownFileType = image.png; path = "Default-568h@2x.png"; sourceTree = "<group>"; };
		5F53740316E4EE6F00DA9421 /* en */ = {isa = PBXFileReference; lastKnownFileType = file.storyboard; name = en; path = en.lproj/MainStoryboard.storyboard; sourceTree = "<group>"; };
		5F53740516E4EE6F00DA9421 /* ViewController.h */ = {isa = PBXFileReference; lastKnownFileType = sourcecode.c.h; path = ViewController.h; sourceTree = "<group>"; };
		5F53740616E4EE6F00DA9421 /* ViewController.m */ = {isa = PBXFileReference; lastKnownFileType = sourcecode.c.objc; path = ViewController.m; sourceTree = "<group>"; };
/* End PBXFileReference section */

/* Begin PBXFrameworksBuildPhase section */
		5F5373E416E4EE6F00DA9421 /* Frameworks */ = {
			isa = PBXFrameworksBuildPhase;
			buildActionMask = 2147483647;
			files = (
				5F5373EB16E4EE6F00DA9421 /* UIKit.framework in Frameworks */,
				5F5373ED16E4EE6F00DA9421 /* Foundation.framework in Frameworks */,
				5F5373EF16E4EE6F00DA9421 /* CoreGraphics.framework in Frameworks */,
			);
			runOnlyForDeploymentPostprocessing = 0;
		};
/* End PBXFrameworksBuildPhase section */

/* Begin PBXGroup section */
		5F5373DE16E4EE6F00DA9421 = {
			isa = PBXGroup;
			children = (
				5F5373F016E4EE6F00DA9421 /* DeviceInfoSample */,
				5F5373E916E4EE6F00DA9421 /* Frameworks */,
				5F5373E816E4EE6F00DA9421 /* Products */,
			);
			sourceTree = "<group>";
		};
		5F5373E816E4EE6F00DA9421 /* Products */ = {
			isa = PBXGroup;
			children = (
				5F5373E716E4EE6F00DA9421 /* DeviceInfoSample.app */,
			);
			name = Products;
			sourceTree = "<group>";
		};
		5F5373E916E4EE6F00DA9421 /* Frameworks */ = {
			isa = PBXGroup;
			children = (
				5F5373EA16E4EE6F00DA9421 /* UIKit.framework */,
				5F5373EC16E4EE6F00DA9421 /* Foundation.framework */,
				5F5373EE16E4EE6F00DA9421 /* CoreGraphics.framework */,
			);
			name = Frameworks;
			sourceTree = "<group>";
		};
		5F5373F016E4EE6F00DA9421 /* DeviceInfoSample */ = {
			isa = PBXGroup;
			children = (
				5F5373F916E4EE6F00DA9421 /* AppDelegate.h */,
				5F5373FA16E4EE6F00DA9421 /* AppDelegate.m */,
				5F53740216E4EE6F00DA9421 /* MainStoryboard.storyboard */,
				5F53740516E4EE6F00DA9421 /* ViewController.h */,
				5F53740616E4EE6F00DA9421 /* ViewController.m */,
				5F5373F116E4EE6F00DA9421 /* Supporting Files */,
			);
			path = DeviceInfoSample;
			sourceTree = "<group>";
		};
		5F5373F116E4EE6F00DA9421 /* Supporting Files */ = {
			isa = PBXGroup;
			children = (
				5F5373F216E4EE6F00DA9421 /* DeviceInfoSample-Info.plist */,
				5F5373F316E4EE6F00DA9421 /* InfoPlist.strings */,
				5F5373F616E4EE6F00DA9421 /* main.m */,
				5F5373F816E4EE6F00DA9421 /* DeviceInfoSample-Prefix.pch */,
				5F5373FC16E4EE6F00DA9421 /* Default.png */,
				5F5373FE16E4EE6F00DA9421 /* Default@2x.png */,
				5F53740016E4EE6F00DA9421 /* Default-568h@2x.png */,
			);
			name = "Supporting Files";
			sourceTree = "<group>";
		};
/* End PBXGroup section */

/* Begin PBXNativeTarget section */
		5F5373E616E4EE6F00DA9421 /* DeviceInfoSample */ = {
			isa = PBXNativeTarget;
			buildConfigurationList = 5F53740A16E4EE6F00DA9421 /* Build configuration list for PBXNativeTarget "DeviceInfoSample" */;
			buildPhases = (
				5F5373E316E4EE6F00DA9421 /* Sources */,
				5F5373E416E4EE6F00DA9421 /* Frameworks */,
				5F5373E516E4EE6F00DA9421 /* Resources */,
			);
			buildRules = (
			);
			dependencies = (
			);
			name = DeviceInfoSample;
			productName = DeviceInfoSample;
			productReference = 5F5373E716E4EE6F00DA9421 /* DeviceInfoSample.app */;
			productType = "com.apple.product-type.application";
		};
/* End PBXNativeTarget section */

/* Begin PBXProject section */
		5F5373DF16E4EE6F00DA9421 /* Project object */ = {
			isa = PBXProject;
			attributes = {
				LastUpgradeCheck = 0460;
				ORGANIZATIONNAME = inukai;
			};
			buildConfigurationList = 5F5373E216E4EE6F00DA9421 /* Build configuration list for PBXProject "DeviceInfoSample" */;
			compatibilityVersion = "Xcode 3.2";
			developmentRegion = English;
			hasScannedForEncodings = 0;
			knownRegions = (
				en,
			);
			mainGroup = 5F5373DE16E4EE6F00DA9421;
			productRefGroup = 5F5373E816E4EE6F00DA9421 /* Products */;
			projectDirPath = "";
			projectRoot = "";
			targets = (
				5F5373E616E4EE6F00DA9421 /* DeviceInfoSample */,
			);
		};
/* End PBXProject section */

/* Begin PBXResourcesBuildPhase section */
		5F5373E516E4EE6F00DA9421 /* Resources */ = {
			isa = PBXResourcesBuildPhase;
			buildActionMask = 2147483647;
			files = (
				5F5373F516E4EE6F00DA9421 /* InfoPlist.strings in Resources */,
				5F5373FD16E4EE6F00DA9421 /* Default.png in Resources */,
				5F5373FF16E4EE6F00DA9421 /* Default@2x.png in Resources */,
				5F53740116E4EE6F00DA9421 /* Default-568h@2x.png in Resources */,
				5F53740416E4EE6F00DA9421 /* MainStoryboard.storyboard in Resources */,
			);
			runOnlyForDeploymentPostprocessing = 0;
		};
/* End PBXResourcesBuildPhase section */

/* Begin PBXSourcesBuildPhase section */
		5F5373E316E4EE6F00DA9421 /* Sources */ = {
			isa = PBXSourcesBuildPhase;
			buildActionMask = 2147483647;
			files = (
				5F5373F716E4EE6F00DA9421 /* main.m in Sources */,
				5F5373FB16E4EE6F00DA9421 /* AppDelegate.m in Sources */,
				5F53740716E4EE6F00DA9421 /* ViewController.m in Sources */,
			);
			runOnlyForDeploymentPostprocessing = 0;
		};
/* End PBXSourcesBuildPhase section */

/* Begin PBXVariantGroup section */
		5F5373F316E4EE6F00DA9421 /* InfoPlist.strings */ = {
			isa = PBXVariantGroup;
			children = (
				5F5373F416E4EE6F00DA9421 /* en */,
			);
			name = InfoPlist.strings;
			sourceTree = "<group>";
		};
		5F53740216E4EE6F00DA9421 /* MainStoryboard.storyboard */ = {
			isa = PBXVariantGroup;
			children = (
				5F53740316E4EE6F00DA9421 /* en */,
			);
			name = MainStoryboard.storyboard;
			sourceTree = "<group>";
		};
/* End PBXVariantGroup section */

/* Begin XCBuildConfiguration section */
		5F53740816E4EE6F00DA9421 /* Debug */ = {
			isa = XCBuildConfiguration;
			buildSettings = {
				ALWAYS_SEARCH_USER_PATHS = NO;
				CLANG_CXX_LANGUAGE_STANDARD = "gnu++0x";
				CLANG_CXX_LIBRARY = "libc++";
				CLANG_ENABLE_OBJC_ARC = YES;
				CLANG_WARN_CONSTANT_CONVERSION = YES;
				CLANG_WARN_EMPTY_BODY = YES;
				CLANG_WARN_ENUM_CONVERSION = YES;
				CLANG_WARN_INT_CONVERSION = YES;
				CLANG_WARN__DUPLICATE_METHOD_MATCH = YES;
				"CODE_SIGN_IDENTITY[sdk=iphoneos*]" = "iPhone Developer";
				COPY_PHASE_STRIP = NO;
				GCC_C_LANGUAGE_STANDARD = gnu99;
				GCC_DYNAMIC_NO_PIC = NO;
				GCC_OPTIMIZATION_LEVEL = 0;
				GCC_PREPROCESSOR_DEFINITIONS = (
					"DEBUG=1",
					"$(inherited)",
				);
				GCC_SYMBOLS_PRIVATE_EXTERN = NO;
				GCC_WARN_ABOUT_RETURN_TYPE = YES;
				GCC_WARN_UNINITIALIZED_AUTOS = YES;
				GCC_WARN_UNUSED_VARIABLE = YES;
				IPHONEOS_DEPLOYMENT_TARGET = 6.1;
				ONLY_ACTIVE_ARCH = YES;
				SDKROOT = iphoneos;
			};
			name = Debug;
		};
		5F53740916E4EE6F00DA9421 /* Release */ = {
			isa = XCBuildConfiguration;
			buildSettings = {
				ALWAYS_SEARCH_USER_PATHS = NO;
				CLANG_CXX_LANGUAGE_STANDARD = "gnu++0x";
				CLANG_CXX_LIBRARY = "libc++";
				CLANG_ENABLE_OBJC_ARC = YES;
				CLANG_WARN_CONSTANT_CONVERSION = YES;
				CLANG_WARN_EMPTY_BODY = YES;
				CLANG_WARN_ENUM_CONVERSION = YES;
				CLANG_WARN_INT_CONVERSION = YES;
				CLANG_WARN__DUPLICATE_METHOD_MATCH = YES;
				"CODE_SIGN_IDENTITY[sdk=iphoneos*]" = "iPhone Developer";
				COPY_PHASE_STRIP = YES;
				GCC_C_LANGUAGE_STANDARD = gnu99;
				GCC_WARN_ABOUT_RETURN_TYPE = YES;
				GCC_WARN_UNINITIALIZED_AUTOS = YES;
				GCC_WARN_UNUSED_VARIABLE = YES;
				IPHONEOS_DEPLOYMENT_TARGET = 6.1;
				OTHER_CFLAGS = "-DNS_BLOCK_ASSERTIONS=1";
				SDKROOT = iphoneos;
				VALIDATE_PRODUCT = YES;
			};
			name = Release;
		};
		5F53740B16E4EE6F00DA9421 /* Debug */ = {
			isa = XCBuildConfiguration;
			buildSettings = {
				GCC_PRECOMPILE_PREFIX_HEADER = YES;
				GCC_PREFIX_HEADER = "DeviceInfoSample/DeviceInfoSample-Prefix.pch";
				INFOPLIST_FILE = "DeviceInfoSample/DeviceInfoSample-Info.plist";
				PRODUCT_NAME = "$(TARGET_NAME)";
				WRAPPER_EXTENSION = app;
			};
			name = Debug;
		};
		5F53740C16E4EE6F00DA9421 /* Release */ = {
			isa = XCBuildConfiguration;
			buildSettings = {
				GCC_PRECOMPILE_PREFIX_HEADER = YES;
				GCC_PREFIX_HEADER = "DeviceInfoSample/DeviceInfoSample-Prefix.pch";
				INFOPLIST_FILE = "DeviceInfoSample/DeviceInfoSample-Info.plist";
				PRODUCT_NAME = "$(TARGET_NAME)";
				WRAPPER_EXTENSION = app;
			};
			name = Release;
		};
/* End XCBuildConfiguration section */

/* Begin XCConfigurationList section */
		5F5373E216E4EE6F00DA9421 /* Build configuration list for PBXProject "DeviceInfoSample" */ = {
			isa = XCConfigurationList;
			buildConfigurations = (
				5F53740816E4EE6F00DA9421 /* Debug */,
				5F53740916E4EE6F00DA9421 /* Release */,
			);
			defaultConfigurationIsVisible = 0;
			defaultConfigurationName = Release;
		};
		5F53740A16E4EE6F00DA9421 /* Build configuration list for PBXNativeTarget "DeviceInfoSample" */ = {
			isa = XCConfigurationList;
			buildConfigurations = (
				5F53740B16E4EE6F00DA9421 /* Debug */,
				5F53740C16E4EE6F00DA9421 /* Release */,
			);
			defaultConfigurationIsVisible = 0;
		};
/* End XCConfigurationList section */
	};
	rootObject = 5F5373DF16E4EE6F00DA9421 /* Project object */;
}
